
Microsoft Visual Studio Solution File, Format Version 12.00
# Visual Studio Version 16
VisualStudioVersion = 16.0.31112.23
MinimumVisualStudioVersion = 10.0.40219.1
Project("{9A19103F-16F7-4668-BE54-9A1E7A4F7556}") = "webapp", "webapp\webapp.csproj", "{DB89274E-A0BB-4011-8215-EE619A533749}"
EndProject
Global
	GlobalSection(SolutionConfigurationPlatforms) = preSolution
		Debug|Any CPU = Debug|Any CPU
		Release|Any CPU = Release|Any CPU
	EndGlobalSection
	GlobalSection(ProjectConfigurationPlatforms) = postSolution
		{DB89274E-A0BB-4011-8215-EE619A533749}.Debug|Any CPU.ActiveCfg = Debug|Any CPU
		{DB89274E-A0BB-4011-8215-EE619A533749}.Debug|Any CPU.Build.0 = Debug|Any CPU
		{DB89274E-A0BB-4011-8215-EE619A533749}.Release|Any CPU.ActiveCfg = Release|Any CPU
		{DB89274E-A0BB-4011-8215-EE619A533749}.Release|Any CPU.Build.0 = Release|Any CPU
	EndGlobalSection
	GlobalSection(SolutionProperties) = preSolution
		HideSolutionNode = FALSE
	EndGlobalSection
	GlobalSection(ExtensibilityGlobals) = postSolution
		SolutionGuid = {65CEBA4F-3061-4F72-93CC-68606C6B0008}
	EndGlobalSection
EndGlobal
